
Microsoft Visual Studio Solution File, Format Version 12.00
# Visual Studio 15
VisualStudioVersion = 15.0.28307.757
MinimumVisualStudioVersion = 10.0.40219.1
Project("{9A19103F-16F7-4668-BE54-9A1E7A4F7556}") = "AssetWorxClientSampleProject", "AssetWorxClientSampleProject\AssetWorxClientSampleProject.csproj", "{60A81797-3AA6-4EFB-BFE7-814CB07CC1CE}"
EndProject
Project("{FAE04EC0-301F-11D3-BF4B-00C04F79EFBC}") = "AssetWorxRepositorySampleProject", "AssetWorxRepositorySampleProject\AssetWorxRepositorySampleProject.csproj", "{BA83AE2B-648A-4172-BBC3-98F93B53B366}"
EndProject
Global
	GlobalSection(SolutionConfigurationPlatforms) = preSolution
		Debug|Any CPU = Debug|Any CPU
		Release|Any CPU = Release|Any CPU
	EndGlobalSection
	GlobalSection(ProjectConfigurationPlatforms) = postSolution
		{60A81797-3AA6-4EFB-BFE7-814CB07CC1CE}.Debug|Any CPU.ActiveCfg = Debug|Any CPU
		{60A81797-3AA6-4EFB-BFE7-814CB07CC1CE}.Debug|Any CPU.Build.0 = Debug|Any CPU
		{60A81797-3AA6-4EFB-BFE7-814CB07CC1CE}.Release|Any CPU.ActiveCfg = Release|Any CPU
		{60A81797-3AA6-4EFB-BFE7-814CB07CC1CE}.Release|Any CPU.Build.0 = Release|Any CPU
		{BA83AE2B-648A-4172-BBC3-98F93B53B366}.Debug|Any CPU.ActiveCfg = Debug|Any CPU
		{BA83AE2B-648A-4172-BBC3-98F93B53B366}.Debug|Any CPU.Build.0 = Debug|Any CPU
		{BA83AE2B-648A-4172-BBC3-98F93B53B366}.Release|Any CPU.ActiveCfg = Release|Any CPU
		{BA83AE2B-648A-4172-BBC3-98F93B53B366}.Release|Any CPU.Build.0 = Release|Any CPU
	EndGlobalSection
	GlobalSection(SolutionProperties) = preSolution
		HideSolutionNode = FALSE
	EndGlobalSection
	GlobalSection(ExtensibilityGlobals) = postSolution
		SolutionGuid = {0A555B99-FA79-445E-AEC5-5D9638B59117}
	EndGlobalSection
EndGlobal
